
Microsoft Visual Studio Solution File, Format Version 12.00
# Visual Studio Version 16
VisualStudioVersion = 16.0.30523.141
MinimumVisualStudioVersion = 10.0.40219.1
Project("{888888A0-9F3D-457C-B088-3A5042F75D52}") = "Ping Pong Game", "Ping Pong Game\Ping Pong Game.pyproj", "{18B52ABB-9C38-4F83-B069-67168531D56D}"
EndProject
Global
	GlobalSection(SolutionConfigurationPlatforms) = preSolution
		Debug|Any CPU = Debug|Any CPU
		Release|Any CPU = Release|Any CPU
	EndGlobalSection
	GlobalSection(ProjectConfigurationPlatforms) = postSolution
		{18B52ABB-9C38-4F83-B069-67168531D56D}.Debug|Any CPU.ActiveCfg = Debug|Any CPU
		{18B52ABB-9C38-4F83-B069-67168531D56D}.Release|Any CPU.ActiveCfg = Release|Any CPU
	EndGlobalSection
	GlobalSection(SolutionProperties) = preSolution
		HideSolutionNode = FALSE
	EndGlobalSection
	GlobalSection(ExtensibilityGlobals) = postSolution
		SolutionGuid = {9450DB8A-F0B0-442D-BAA9-72E315ADDD69}
	EndGlobalSection
EndGlobal
